<Solution>
  <Configurations>
    <BuildType Name="Debug" />
    <BuildType Name="PerfDebug" />
    <BuildType Name="Release" />
  </Configurations>
  <Project Path="../GEffectsLogic/GEffectLogicTests/GEffectLogicTests.csproj" Id="7d5c05fb-2776-4ace-bdfa-3fc7b93cb7c6">
    <BuildType Solution="Debug|*" Project="PerfDebug" />
  </Project>
  <Project Path="../GEffectsLogic/GEffectsLogic/GEffectsLogic.csproj" />
  <Project Path="../GEffectsLogic/GraphicLogicTest/GraphicLogicTest.csproj" Id="de3026f1-764c-43dd-a3ca-d720930c8041" />
  <Project Path="KSAGEffects/KSAGEffects.csproj" />
</Solution>
